// !$*UTF8*$!
{
	archiveVersion = 1;
	classes = {
	};
	objectVersion = 46;
	objects = {

/* Begin PBXBuildFile section */
		C2899F8E1BAEA0A000EFD53B /* main.m in Sources */ = {isa = PBXBuildFile; fileRef = C2899F8D1BAEA0A000EFD53B /* main.m */; };
		C2899F911BAEA0A000EFD53B /* AppDelegate.m in Sources */ = {isa = PBXBuildFile; fileRef = C2899F901BAEA0A000EFD53B /* AppDelegate.m */; };
		C2899F931BAEA0A000EFD53B /* UI-Block-Prefix.pch in Resources */ = {isa = PBXBuildFile; fileRef = C2899F921BAEA0A000EFD53B /* UI-Block-Prefix.pch */; };
		C2899F951BAEA0A000EFD53B /* Images.xcassets in Resources */ = {isa = PBXBuildFile; fileRef = C2899F941BAEA0A000EFD53B /* Images.xcassets */; };
		C2899F981BAEA0A000EFD53B /* LaunchScreen.xib in Resources */ = {isa = PBXBuildFile; fileRef = C2899F961BAEA0A000EFD53B /* LaunchScreen.xib */; };
		C2899FA41BAEA0A000EFD53B /* UI_BlockTests.m in Sources */ = {isa = PBXBuildFile; fileRef = C2899FA31BAEA0A000EFD53B /* UI_BlockTests.m */; };
		C2899FAF1BAEA0AD00EFD53B /* RootViewController.m in Sources */ = {isa = PBXBuildFile; fileRef = C2899FAE1BAEA0AD00EFD53B /* RootViewController.m */; };
		C2899FB21BAEA1C700EFD53B /* NextViewController.m in Sources */ = {isa = PBXBuildFile; fileRef = C2899FB11BAEA1C700EFD53B /* NextViewController.m */; };
/* End PBXBuildFile section */

/* Begin PBXContainerItemProxy section */
		C2899F9E1BAEA0A000EFD53B /* PBXContainerItemProxy */ = {
			isa = PBXContainerItemProxy;
			containerPortal = C2899F801BAEA0A000EFD53B /* Project object */;
			proxyType = 1;
			remoteGlobalIDString = C2899F871BAEA0A000EFD53B;
			remoteInfo = "UI-Block";
		};
/* End PBXContainerItemProxy section */

/* Begin PBXFileReference section */
		C2899F881BAEA0A000EFD53B /* UI-Block.app */ = {isa = PBXFileReference; explicitFileType = wrapper.application; includeInIndex = 0; path = "UI-Block.app"; sourceTree = BUILT_PRODUCTS_DIR; };
		C2899F8C1BAEA0A000EFD53B /* Info.plist */ = {isa = PBXFileReference; lastKnownFileType = text.plist.xml; path = Info.plist; sourceTree = "<group>"; };
		C2899F8D1BAEA0A000EFD53B /* main.m */ = {isa = PBXFileReference; lastKnownFileType = sourcecode.c.objc; path = main.m; sourceTree = "<group>"; };
		C2899F8F1BAEA0A000EFD53B /* AppDelegate.h */ = {isa = PBXFileReference; lastKnownFileType = sourcecode.c.h; path = AppDelegate.h; sourceTree = "<group>"; };
		C2899F901BAEA0A000EFD53B /* AppDelegate.m */ = {isa = PBXFileReference; lastKnownFileType = sourcecode.c.objc; path = AppDelegate.m; sourceTree = "<group>"; };
		C2899F921BAEA0A000EFD53B /* UI-Block-Prefix.pch */ = {isa = PBXFileReference; lastKnownFileType = sourcecode.c.h; path = "UI-Block-Prefix.pch"; sourceTree = "<group>"; };
		C2899F941BAEA0A000EFD53B /* Images.xcassets */ = {isa = PBXFileReference; lastKnownFileType = folder.assetcatalog; path = Images.xcassets; sourceTree = "<group>"; };
		C2899F971BAEA0A000EFD53B /* Base */ = {isa = PBXFileReference; lastKnownFileType = file.xib; name = Base; path = Base.lproj/LaunchScreen.xib; sourceTree = "<group>"; };
		C2899F9D1BAEA0A000EFD53B /* UI-BlockTests.xctest */ = {isa = PBXFileReference; explicitFileType = wrapper.cfbundle; includeInIndex = 0; path = "UI-BlockTests.xctest"; sourceTree = BUILT_PRODUCTS_DIR; };
		C2899FA21BAEA0A000EFD53B /* Info.plist */ = {isa = PBXFileReference; lastKnownFileType = text.plist.xml; path = Info.plist; sourceTree = "<group>"; };
		C2899FA31BAEA0A000EFD53B /* UI_BlockTests.m */ = {isa = PBXFileReference; lastKnownFileType = sourcecode.c.objc; path = UI_BlockTests.m; sourceTree = "<group>"; };
		C2899FAD1BAEA0AD00EFD53B /* RootViewController.h */ = {isa = PBXFileReference; fileEncoding = 4; lastKnownFileType = sourcecode.c.h; path = RootViewController.h; sourceTree = "<group>"; };
		C2899FAE1BAEA0AD00EFD53B /* RootViewController.m */ = {isa = PBXFileReference; fileEncoding = 4; lastKnownFileType = sourcecode.c.objc; path = RootViewController.m; sourceTree = "<group>"; };
		C2899FB01BAEA1C700EFD53B /* NextViewController.h */ = {isa = PBXFileReference; fileEncoding = 4; lastKnownFileType = sourcecode.c.h; path = NextViewController.h; sourceTree = "<group>"; };
		C2899FB11BAEA1C700EFD53B /* NextViewController.m */ = {isa = PBXFileReference; fileEncoding = 4; lastKnownFileType = sourcecode.c.objc; path = NextViewController.m; sourceTree = "<group>"; };
/* End PBXFileReference section */

/* Begin PBXFrameworksBuildPhase section */
		C2899F851BAEA0A000EFD53B /* Frameworks */ = {
			isa = PBXFrameworksBuildPhase;
			buildActionMask = 2147483647;
			files = (
			);
			runOnlyForDeploymentPostprocessing = 0;
		};
		C2899F9A1BAEA0A000EFD53B /* Frameworks */ = {
			isa = PBXFrameworksBuildPhase;
			buildActionMask = 2147483647;
			files = (
			);
			runOnlyForDeploymentPostprocessing = 0;
		};
/* End PBXFrameworksBuildPhase section */

/* Begin PBXGroup section */
		C2899F7F1BAEA0A000EFD53B = {
			isa = PBXGroup;
			children = (
				C2899F8A1BAEA0A000EFD53B /* UI-Block */,
				C2899FA01BAEA0A000EFD53B /* UI-BlockTests */,
				C2899F891BAEA0A000EFD53B /* Products */,
			);
			sourceTree = "<group>";
		};
		C2899F891BAEA0A000EFD53B /* Products */ = {
			isa = PBXGroup;
			children = (
				C2899F881BAEA0A000EFD53B /* UI-Block.app */,
				C2899F9D1BAEA0A000EFD53B /* UI-BlockTests.xctest */,
			);
			name = Products;
			sourceTree = "<group>";
		};
		C2899F8A1BAEA0A000EFD53B /* UI-Block */ = {
			isa = PBXGroup;
			children = (
				C2899F8F1BAEA0A000EFD53B /* AppDelegate.h */,
				C2899F901BAEA0A000EFD53B /* AppDelegate.m */,
				C2899FAD1BAEA0AD00EFD53B /* RootViewController.h */,
				C2899FAE1BAEA0AD00EFD53B /* RootViewController.m */,
				C2899FB01BAEA1C700EFD53B /* NextViewController.h */,
				C2899FB11BAEA1C700EFD53B /* NextViewController.m */,
				C2899F921BAEA0A000EFD53B /* UI-Block-Prefix.pch */,
				C2899F941BAEA0A000EFD53B /* Images.xcassets */,
				C2899F961BAEA0A000EFD53B /* LaunchScreen.xib */,
				C2899F8B1BAEA0A000EFD53B /* Supporting Files */,
			);
			path = "UI-Block";
			sourceTree = "<group>";
		};
		C2899F8B1BAEA0A000EFD53B /* Supporting Files */ = {
			isa = PBXGroup;
			children = (
				C2899F8C1BAEA0A000EFD53B /* Info.plist */,
				C2899F8D1BAEA0A000EFD53B /* main.m */,
			);
			name = "Supporting Files";
			sourceTree = "<group>";
		};
		C2899FA01BAEA0A000EFD53B /* UI-BlockTests */ = {
			isa = PBXGroup;
			children = (
				C2899FA31BAEA0A000EFD53B /* UI_BlockTests.m */,
				C2899FA11BAEA0A000EFD53B /* Supporting Files */,
			);
			path = "UI-BlockTests";
			sourceTree = "<group>";
		};
		C2899FA11BAEA0A000EFD53B /* Supporting Files */ = {
			isa = PBXGroup;
			children = (
				C2899FA21BAEA0A000EFD53B /* Info.plist */,
			);
			name = "Supporting Files";
			sourceTree = "<group>";
		};
/* End PBXGroup section */

/* Begin PBXNativeTarget section */
		C2899F871BAEA0A000EFD53B /* UI-Block */ = {
			isa = PBXNativeTarget;
			buildConfigurationList = C2899FA71BAEA0A000EFD53B /* Build configuration list for PBXNativeTarget "UI-Block" */;
			buildPhases = (
				C2899F841BAEA0A000EFD53B /* Sources */,
				C2899F851BAEA0A000EFD53B /* Frameworks */,
				C2899F861BAEA0A000EFD53B /* Resources */,
			);
			buildRules = (
			);
			dependencies = (
			);
			name = "UI-Block";
			productName = "UI-Block";
			productReference = C2899F881BAEA0A000EFD53B /* UI-Block.app */;
			productType = "com.apple.product-type.application";
		};
		C2899F9C1BAEA0A000EFD53B /* UI-BlockTests */ = {
			isa = PBXNativeTarget;
			buildConfigurationList = C2899FAA1BAEA0A000EFD53B /* Build configuration list for PBXNativeTarget "UI-BlockTests" */;
			buildPhases = (
				C2899F991BAEA0A000EFD53B /* Sources */,
				C2899F9A1BAEA0A000EFD53B /* Frameworks */,
				C2899F9B1BAEA0A000EFD53B /* Resources */,
			);
			buildRules = (
			);
			dependencies = (
				C2899F9F1BAEA0A000EFD53B /* PBXTargetDependency */,
			);
			name = "UI-BlockTests";
			productName = "UI-BlockTests";
			productReference = C2899F9D1BAEA0A000EFD53B /* UI-BlockTests.xctest */;
			productType = "com.apple.product-type.bundle.unit-test";
		};
/* End PBXNativeTarget section */

/* Begin PBXProject section */
		C2899F801BAEA0A000EFD53B /* Project object */ = {
			isa = PBXProject;
			attributes = {
				LastUpgradeCheck = 0640;
				ORGANIZATIONNAME = lanou3g;
				TargetAttributes = {
					C2899F871BAEA0A000EFD53B = {
						CreatedOnToolsVersion = 6.4;
					};
					C2899F9C1BAEA0A000EFD53B = {
						CreatedOnToolsVersion = 6.4;
						TestTargetID = C2899F871BAEA0A000EFD53B;
					};
				};
			};
			buildConfigurationList = C2899F831BAEA0A000EFD53B /* Build configuration list for PBXProject "UI-Block" */;
			compatibilityVersion = "Xcode 3.2";
			developmentRegion = English;
			hasScannedForEncodings = 0;
			knownRegions = (
				en,
				Base,
			);
			mainGroup = C2899F7F1BAEA0A000EFD53B;
			productRefGroup = C2899F891BAEA0A000EFD53B /* Products */;
			projectDirPath = "";
			projectRoot = "";
			targets = (
				C2899F871BAEA0A000EFD53B /* UI-Block */,
				C2899F9C1BAEA0A000EFD53B /* UI-BlockTests */,
			);
		};
/* End PBXProject section */

/* Begin PBXResourcesBuildPhase section */
		C2899F861BAEA0A000EFD53B /* Resources */ = {
			isa = PBXResourcesBuildPhase;
			buildActionMask = 2147483647;
			files = (
				C2899F931BAEA0A000EFD53B /* UI-Block-Prefix.pch in Resources */,
				C2899F981BAEA0A000EFD53B /* LaunchScreen.xib in Resources */,
				C2899F951BAEA0A000EFD53B /* Images.xcassets in Resources */,
			);
			runOnlyForDeploymentPostprocessing = 0;
		};
		C2899F9B1BAEA0A000EFD53B /* Resources */ = {
			isa = PBXResourcesBuildPhase;
			buildActionMask = 2147483647;
			files = (
			);
			runOnlyForDeploymentPostprocessing = 0;
		};
/* End PBXResourcesBuildPhase section */

/* Begin PBXSourcesBuildPhase section */
		C2899F841BAEA0A000EFD53B /* Sources */ = {
			isa = PBXSourcesBuildPhase;
			buildActionMask = 2147483647;
			files = (
				C2899F911BAEA0A000EFD53B /* AppDelegate.m in Sources */,
				C2899FB21BAEA1C700EFD53B /* NextViewController.m in Sources */,
				C2899F8E1BAEA0A000EFD53B /* main.m in Sources */,
				C2899FAF1BAEA0AD00EFD53B /* RootViewController.m in Sources */,
			);
			runOnlyForDeploymentPostprocessing = 0;
		};
		C2899F991BAEA0A000EFD53B /* Sources */ = {
			isa = PBXSourcesBuildPhase;
			buildActionMask = 2147483647;
			files = (
				C2899FA41BAEA0A000EFD53B /* UI_BlockTests.m in Sources */,
			);
			runOnlyForDeploymentPostprocessing = 0;
		};
/* End PBXSourcesBuildPhase section */

/* Begin PBXTargetDependency section */
		C2899F9F1BAEA0A000EFD53B /* PBXTargetDependency */ = {
			isa = PBXTargetDependency;
			target = C2899F871BAEA0A000EFD53B /* UI-Block */;
			targetProxy = C2899F9E1BAEA0A000EFD53B /* PBXContainerItemProxy */;
		};
/* End PBXTargetDependency section */

/* Begin PBXVariantGroup section */
		C2899F961BAEA0A000EFD53B /* LaunchScreen.xib */ = {
			isa = PBXVariantGroup;
			children = (
				C2899F971BAEA0A000EFD53B /* Base */,
			);
			name = LaunchScreen.xib;
			sourceTree = "<group>";
		};
/* End PBXVariantGroup section */

/* Begin XCBuildConfiguration section */
		C2899FA51BAEA0A000EFD53B /* Debug */ = {
			isa = XCBuildConfiguration;
			buildSettings = {
				ALWAYS_SEARCH_USER_PATHS = NO;
				CLANG_CXX_LANGUAGE_STANDARD = "gnu++0x";
				CLANG_CXX_LIBRARY = "libc++";
				CLANG_ENABLE_MODULES = YES;
				CLANG_ENABLE_OBJC_ARC = YES;
				CLANG_WARN_BOOL_CONVERSION = YES;
				CLANG_WARN_CONSTANT_CONVERSION = YES;
				CLANG_WARN_DIRECT_OBJC_ISA_USAGE = YES_ERROR;
				CLANG_WARN_EMPTY_BODY = YES;
				CLANG_WARN_ENUM_CONVERSION = YES;
				CLANG_WARN_INT_CONVERSION = YES;
				CLANG_WARN_OBJC_ROOT_CLASS = YES_ERROR;
				CLANG_WARN_UNREACHABLE_CODE = YES;
				CLANG_WARN__DUPLICATE_METHOD_MATCH = YES;
				"CODE_SIGN_IDENTITY[sdk=iphoneos*]" = "iPhone Developer";
				COPY_PHASE_STRIP = NO;
				DEBUG_INFORMATION_FORMAT = "dwarf-with-dsym";
				ENABLE_STRICT_OBJC_MSGSEND = YES;
				GCC_C_LANGUAGE_STANDARD = gnu99;
				GCC_DYNAMIC_NO_PIC = NO;
				GCC_NO_COMMON_BLOCKS = YES;
				GCC_OPTIMIZATION_LEVEL = 0;
				GCC_PREPROCESSOR_DEFINITIONS = (
					"DEBUG=1",
					"$(inherited)",
				);
				GCC_SYMBOLS_PRIVATE_EXTERN = NO;
				GCC_WARN_64_TO_32_BIT_CONVERSION = YES;
				GCC_WARN_ABOUT_RETURN_TYPE = YES_ERROR;
				GCC_WARN_UNDECLARED_SELECTOR = YES;
				GCC_WARN_UNINITIALIZED_AUTOS = YES_AGGRESSIVE;
				GCC_WARN_UNUSED_FUNCTION = YES;
				GCC_WARN_UNUSED_VARIABLE = YES;
				IPHONEOS_DEPLOYMENT_TARGET = 8.4;
				MTL_ENABLE_DEBUG_INFO = YES;
				ONLY_ACTIVE_ARCH = YES;
				SDKROOT = iphoneos;
			};
			name = Debug;
		};
		C2899FA61BAEA0A000EFD53B /* Release */ = {
			isa = XCBuildConfiguration;
			buildSettings = {
				ALWAYS_SEARCH_USER_PATHS = NO;
				CLANG_CXX_LANGUAGE_STANDARD = "gnu++0x";
				CLANG_CXX_LIBRARY = "libc++";
				CLANG_ENABLE_MODULES = YES;
				CLANG_ENABLE_OBJC_ARC = YES;
				CLANG_WARN_BOOL_CONVERSION = YES;
				CLANG_WARN_CONSTANT_CONVERSION = YES;
				CLANG_WARN_DIRECT_OBJC_ISA_USAGE = YES_ERROR;
				CLANG_WARN_EMPTY_BODY = YES;
				CLANG_WARN_ENUM_CONVERSION = YES;
				CLANG_WARN_INT_CONVERSION = YES;
				CLANG_WARN_OBJC_ROOT_CLASS = YES_ERROR;
				CLANG_WARN_UNREACHABLE_CODE = YES;
				CLANG_WARN__DUPLICATE_METHOD_MATCH = YES;
				"CODE_SIGN_IDENTITY[sdk=iphoneos*]" = "iPhone Developer";
				COPY_PHASE_STRIP = NO;
				DEBUG_INFORMATION_FORMAT = "dwarf-with-dsym";
				ENABLE_NS_ASSERTIONS = NO;
				ENABLE_STRICT_OBJC_MSGSEND = YES;
				GCC_C_LANGUAGE_STANDARD = gnu99;
				GCC_NO_COMMON_BLOCKS = YES;
				GCC_WARN_64_TO_32_BIT_CONVERSION = YES;
				GCC_WARN_ABOUT_RETURN_TYPE = YES_ERROR;
				GCC_WARN_UNDECLARED_SELECTOR = YES;
				GCC_WARN_UNINITIALIZED_AUTOS = YES_AGGRESSIVE;
				GCC_WARN_UNUSED_FUNCTION = YES;
				GCC_WARN_UNUSED_VARIABLE = YES;
				IPHONEOS_DEPLOYMENT_TARGET = 8.4;
				MTL_ENABLE_DEBUG_INFO = NO;
				SDKROOT = iphoneos;
				VALIDATE_PRODUCT = YES;
			};
			name = Release;
		};
		C2899FA81BAEA0A000EFD53B /* Debug */ = {
			isa = XCBuildConfiguration;
			buildSettings = {
				ASSETCATALOG_COMPILER_APPICON_NAME = AppIcon;
				INFOPLIST_FILE = "UI-Block/Info.plist";
				LD_RUNPATH_SEARCH_PATHS = "$(inherited) @executable_path/Frameworks";
				PRODUCT_NAME = "$(TARGET_NAME)";
			};
			name = Debug;
		};
		C2899FA91BAEA0A000EFD53B /* Release */ = {
			isa = XCBuildConfiguration;
			buildSettings = {
				ASSETCATALOG_COMPILER_APPICON_NAME = AppIcon;
				INFOPLIST_FILE = "UI-Block/Info.plist";
				LD_RUNPATH_SEARCH_PATHS = "$(inherited) @executable_path/Frameworks";
				PRODUCT_NAME = "$(TARGET_NAME)";
			};
			name = Release;
		};
		C2899FAB1BAEA0A000EFD53B /* Debug */ = {
			isa = XCBuildConfiguration;
			buildSettings = {
				BUNDLE_LOADER = "$(TEST_HOST)";
				FRAMEWORK_SEARCH_PATHS = (
					"$(SDKROOT)/Developer/Library/Frameworks",
					"$(inherited)",
				);
				GCC_PREPROCESSOR_DEFINITIONS = (
					"DEBUG=1",
					"$(inherited)",
				);
				INFOPLIST_FILE = "UI-BlockTests/Info.plist";
				LD_RUNPATH_SEARCH_PATHS = "$(inherited) @executable_path/Frameworks @loader_path/Frameworks";
				PRODUCT_NAME = "$(TARGET_NAME)";
				TEST_HOST = "$(BUILT_PRODUCTS_DIR)/UI-Block.app/UI-Block";
			};
			name = Debug;
		};
		C2899FAC1BAEA0A000EFD53B /* Release */ = {
			isa = XCBuildConfiguration;
			buildSettings = {
				BUNDLE_LOADER = "$(TEST_HOST)";
				FRAMEWORK_SEARCH_PATHS = (
					"$(SDKROOT)/Developer/Library/Frameworks",
					"$(inherited)",
				);
				INFOPLIST_FILE = "UI-BlockTests/Info.plist";
				LD_RUNPATH_SEARCH_PATHS = "$(inherited) @executable_path/Frameworks @loader_path/Frameworks";
				PRODUCT_NAME = "$(TARGET_NAME)";
				TEST_HOST = "$(BUILT_PRODUCTS_DIR)/UI-Block.app/UI-Block";
			};
			name = Release;
		};
/* End XCBuildConfiguration section */

/* Begin XCConfigurationList section */
		C2899F831BAEA0A000EFD53B /* Build configuration list for PBXProject "UI-Block" */ = {
			isa = XCConfigurationList;
			buildConfigurations = (
				C2899FA51BAEA0A000EFD53B /* Debug */,
				C2899FA61BAEA0A000EFD53B /* Release */,
			);
			defaultConfigurationIsVisible = 0;
			defaultConfigurationName = Release;
		};
		C2899FA71BAEA0A000EFD53B /* Build configuration list for PBXNativeTarget "UI-Block" */ = {
			isa = XCConfigurationList;
			buildConfigurations = (
				C2899FA81BAEA0A000EFD53B /* Debug */,
				C2899FA91BAEA0A000EFD53B /* Release */,
			);
			defaultConfigurationIsVisible = 0;
		};
		C2899FAA1BAEA0A000EFD53B /* Build configuration list for PBXNativeTarget "UI-BlockTests" */ = {
			isa = XCConfigurationList;
			buildConfigurations = (
				C2899FAB1BAEA0A000EFD53B /* Debug */,
				C2899FAC1BAEA0A000EFD53B /* Release */,
			);
			defaultConfigurationIsVisible = 0;
		};
/* End XCConfigurationList section */
	};
	rootObject = C2899F801BAEA0A000EFD53B /* Project object */;
}
